{
  "name": "custom-metrics",
  "version": "1.0.0",
  "lockfileVersion": 2,
  "requires": true,
  "packages": {
    "": {
      "name": "custom-metrics",
      "version": "1.0.0",
      "license": "Apache-2.0",
      "devDependencies": {
        "fugu-api-data": "^1.14.0"
      }
    },
    "node_modules/fugu-api-data": {
      "version": "1.14.0",
      "resolved": "https://registry.npmjs.org/fugu-api-data/-/fugu-api-data-1.14.0.tgz",
      "integrity": "sha512-NFbynSGRuUJo+25ggQj73sWf+/lskb+CJ49IWo+fWDgp8PD/zdVYOx0M9Fl3THPoaHsXlE+avsQ2MgWDkblnNg==",
      "dev": true
    }
  },
  "dependencies": {
    "fugu-api-data": {
      "version": "1.14.0",
      "resolved": "https://registry.npmjs.org/fugu-api-data/-/fugu-api-data-1.14.0.tgz",
      "integrity": "sha512-NFbynSGRuUJo+25ggQj73sWf+/lskb+CJ49IWo+fWDgp8PD/zdVYOx0M9Fl3THPoaHsXlE+avsQ2MgWDkblnNg==",
      "dev": true
    }
  }
}
