{
  "name": "custom-metrics",
  "version": "1.0.0",
  "lockfileVersion": 2,
  "requires": true,
  "packages": {
    "": {
      "name": "custom-metrics",
      "version": "1.0.0",
      "license": "Apache-2.0",
      "devDependencies": {
        "fugu-api-data": "^1.13.0"
      }
    },
    "node_modules/fugu-api-data": {
      "version": "1.13.0",
      "resolved": "https://registry.npmjs.org/fugu-api-data/-/fugu-api-data-1.13.0.tgz",
      "integrity": "sha512-SKzGLjuTN/2BGq4m96zbi1Z2lDhAaZEw4h8Oh+TlbuXA/HQ0he+ZsLQEUta0BuE+m/Cen5hor4YpGwmPMGKOew==",
      "dev": true
    }
  },
  "dependencies": {
    "fugu-api-data": {
      "version": "1.13.0",
      "resolved": "https://registry.npmjs.org/fugu-api-data/-/fugu-api-data-1.13.0.tgz",
      "integrity": "sha512-SKzGLjuTN/2BGq4m96zbi1Z2lDhAaZEw4h8Oh+TlbuXA/HQ0he+ZsLQEUta0BuE+m/Cen5hor4YpGwmPMGKOew==",
      "dev": true
    }
  }
}
