{
  "name": "custom-metrics",
  "version": "1.0.0",
  "lockfileVersion": 2,
  "requires": true,
  "packages": {
    "": {
      "name": "custom-metrics",
      "version": "1.0.0",
      "license": "Apache-2.0",
      "devDependencies": {
        "fugu-api-data": "^1.12.0"
      }
    },
    "node_modules/fugu-api-data": {
      "version": "1.12.0",
      "resolved": "https://registry.npmjs.org/fugu-api-data/-/fugu-api-data-1.12.0.tgz",
      "integrity": "sha512-3Hgx1zz9XUk/ibkRoaimjWA21rrm0+jYuxRGpp5ez0b8o0ntL3eOLjcv4PtUm1EnULuSkO2yXb71NvM3iOPMtQ==",
      "dev": true
    }
  },
  "dependencies": {
    "fugu-api-data": {
      "version": "1.12.0",
      "resolved": "https://registry.npmjs.org/fugu-api-data/-/fugu-api-data-1.12.0.tgz",
      "integrity": "sha512-3Hgx1zz9XUk/ibkRoaimjWA21rrm0+jYuxRGpp5ez0b8o0ntL3eOLjcv4PtUm1EnULuSkO2yXb71NvM3iOPMtQ==",
      "dev": true
    }
  }
}
